
Microsoft Visual Studio Solution File, Format Version 12.00
# Visual Studio 15
VisualStudioVersion = 15.0.28307.1705
MinimumVisualStudioVersion = 10.0.40219.1
Project("{FAE04EC0-301F-11D3-BF4B-00C04F79EFBC}") = "Database First Approach", "Database First Approach\Database First Approach.csproj", "{63287D28-A412-4801-A0FB-E39983C2BF70}"
EndProject
Global
	GlobalSection(SolutionConfigurationPlatforms) = preSolution
		Debug|Any CPU = Debug|Any CPU
		Release|Any CPU = Release|Any CPU
	EndGlobalSection
	GlobalSection(ProjectConfigurationPlatforms) = postSolution
		{63287D28-A412-4801-A0FB-E39983C2BF70}.Debug|Any CPU.ActiveCfg = Debug|Any CPU
		{63287D28-A412-4801-A0FB-E39983C2BF70}.Debug|Any CPU.Build.0 = Debug|Any CPU
		{63287D28-A412-4801-A0FB-E39983C2BF70}.Release|Any CPU.ActiveCfg = Release|Any CPU
		{63287D28-A412-4801-A0FB-E39983C2BF70}.Release|Any CPU.Build.0 = Release|Any CPU
	EndGlobalSection
	GlobalSection(SolutionProperties) = preSolution
		HideSolutionNode = FALSE
	EndGlobalSection
	GlobalSection(ExtensibilityGlobals) = postSolution
		SolutionGuid = {B0D9C8A3-9828-4DF3-B3E4-95DFE627CB36}
	EndGlobalSection
EndGlobal
