
Microsoft Visual Studio Solution File, Format Version 12.00
# Visual Studio 15
VisualStudioVersion = 15.0.28307.1705
MinimumVisualStudioVersion = 10.0.40219.1
Project("{FAE04EC0-301F-11D3-BF4B-00C04F79EFBC}") = "Cookies remember", "Cookies remember\Cookies remember.csproj", "{04A5A4D4-0C9A-4C49-94D6-760767565A52}"
EndProject
Global
	GlobalSection(SolutionConfigurationPlatforms) = preSolution
		Debug|Any CPU = Debug|Any CPU
		Release|Any CPU = Release|Any CPU
	EndGlobalSection
	GlobalSection(ProjectConfigurationPlatforms) = postSolution
		{04A5A4D4-0C9A-4C49-94D6-760767565A52}.Debug|Any CPU.ActiveCfg = Debug|Any CPU
		{04A5A4D4-0C9A-4C49-94D6-760767565A52}.Debug|Any CPU.Build.0 = Debug|Any CPU
		{04A5A4D4-0C9A-4C49-94D6-760767565A52}.Release|Any CPU.ActiveCfg = Release|Any CPU
		{04A5A4D4-0C9A-4C49-94D6-760767565A52}.Release|Any CPU.Build.0 = Release|Any CPU
	EndGlobalSection
	GlobalSection(SolutionProperties) = preSolution
		HideSolutionNode = FALSE
	EndGlobalSection
	GlobalSection(ExtensibilityGlobals) = postSolution
		SolutionGuid = {E3A2A39D-E2DA-4B33-A72B-E09DE705107F}
	EndGlobalSection
EndGlobal
